// !$*UTF8*$!
{
	archiveVersion = 1;
	classes = {
	};
	objectVersion = 46;
	objects = {
/* Begin PBXBuildFile section */
		0207DA581B56EA530066E2B4 /* Images.xcassets in Resources */ = {isa = PBXBuildFile; fileRef = 0207DA571B56EA530066E2B4 /* Images.xcassets */; };
		1D3623260D0F684500981E51 /* AppDelegate.m in Sources */ = {isa = PBXBuildFile; fileRef = 1D3623250D0F684500981E51 /* AppDelegate.m */; };
		1D60589B0D05DD56006BFB54 /* main.m in Sources */ = {isa = PBXBuildFile; fileRef = 29B97316FDCFA39411CA2CEA /* main.m */; };
		301BF552109A68D80062928A /* libCordova.a in Frameworks */ = {isa = PBXBuildFile; fileRef = 301BF535109A57CC0062928A /* libCordova.a */; };
		302D95F114D2391D003F00A1 /* MainViewController.m in Sources */ = {isa = PBXBuildFile; fileRef = 302D95EF14D2391D003F00A1 /* MainViewController.m */; };
		302D95F214D2391D003F00A1 /* MainViewController.xib in Resources */ = {isa = PBXBuildFile; fileRef = 302D95F014D2391D003F00A1 /* MainViewController.xib */; };
		3047A5121AB8059700498E2A /* build-debug.xcconfig in Resources */ = {isa = PBXBuildFile; fileRef = 3047A50F1AB8059700498E2A /* build-debug.xcconfig */; };
		3047A5131AB8059700498E2A /* build-release.xcconfig in Resources */ = {isa = PBXBuildFile; fileRef = 3047A5101AB8059700498E2A /* build-release.xcconfig */; };
		3047A5141AB8059700498E2A /* build.xcconfig in Resources */ = {isa = PBXBuildFile; fileRef = 3047A5111AB8059700498E2A /* build.xcconfig */; };
		6AFF5BF91D6E424B00AB3073 /* CDVLaunchScreen.storyboard in Resources */ = {isa = PBXBuildFile; fileRef = 6AFF5BF81D6E424B00AB3073 /* CDVLaunchScreen.storyboard */; };
		734A454547924174B1BA624A /* CDVDevice.m in Sources */ = {isa = PBXBuildFile; fileRef = 0D0319FB4D1A4FB390710825 /* CDVDevice.m */; };
		F143A28E530C40639B94BA41 /* UIImage+CropScaleOrientation.m in Sources */ = {isa = PBXBuildFile; fileRef = 0AA9AC3444294EF1B12CBFF9 /* UIImage+CropScaleOrientation.m */; };
		04EBE2D09F3F4956810FE2D1 /* CDVCamera.m in Sources */ = {isa = PBXBuildFile; fileRef = BEEC9B61D7C048F9827A72ED /* CDVCamera.m */; };
		CC1D04F93B8246DA8E81797F /* CDVJpegHeaderWriter.m in Sources */ = {isa = PBXBuildFile; fileRef = 91A0871E075A43F3AC5991CE /* CDVJpegHeaderWriter.m */; };
		042645B6A90B43B19BA31A36 /* ImageIO.framework in Frameworks */ = {isa = PBXBuildFile; fileRef = 108CBEAD72EE4522AE481BBD /* ImageIO.framework */; settings = {ATTRIBUTES = (Weak, ); }; };
		31495B88C5FF482BB7DE65FC /* CoreLocation.framework in Frameworks */ = {isa = PBXBuildFile; fileRef = ED3355512C214F04BF84F8C7 /* CoreLocation.framework */; };
		614887B1BA5C4880B2C1769C /* AVFoundation.framework in Frameworks */ = {isa = PBXBuildFile; fileRef = 271DCDE533E54849BE2C83E5 /* AVFoundation.framework */; };
		62EC3AF51D824456B94C0A4C /* CDVLocation.m in Sources */ = {isa = PBXBuildFile; fileRef = 8BE7D904A1BD43D38004E8F4 /* CDVLocation.m */; };
		B3D50165A2B843F89A870D05 /* CDVContacts.m in Sources */ = {isa = PBXBuildFile; fileRef = 42211C3A55684AD1AE3DB1ED /* CDVContacts.m */; };
		B1BFEA1899C34D2390A16583 /* CDVContact.m in Sources */ = {isa = PBXBuildFile; fileRef = 7FC620D9F7004F0B8E3DFC51 /* CDVContact.m */; };
		17158EB51A0249E6AB509DF8 /* AddressBook.framework in Frameworks */ = {isa = PBXBuildFile; fileRef = F251FDD7384F4BC3A33EC501 /* AddressBook.framework */; settings = {ATTRIBUTES = (Weak, ); }; };
		48F5A805F2E94F238D981DA0 /* AddressBookUI.framework in Frameworks */ = {isa = PBXBuildFile; fileRef = 27CE5AE304B34C40B2D65474 /* AddressBookUI.framework */; settings = {ATTRIBUTES = (Weak, ); }; };
		C25BB18291254562B2F2A33B /* CDVStatusBar.m in Sources */ = {isa = PBXBuildFile; fileRef = 00943AADA5BE4D22ABC94544 /* CDVStatusBar.m */; };
		6C1D062C654E40089A4446E2 /* HCPPlugin.m in Sources */ = {isa = PBXBuildFile; fileRef = 68B2912F8427480791CE675B /* HCPPlugin.m */; };
		33F46176EF36436DA89F7AD3 /* HCPApplicationConfig.m in Sources */ = {isa = PBXBuildFile; fileRef = B9BCC2BFDBDF40DDA20CD8D7 /* HCPApplicationConfig.m */; };
		AAE7D6222BC7480EBECEB0F8 /* HCPContentConfig.m in Sources */ = {isa = PBXBuildFile; fileRef = 31B385CACF9B4051AAD5F603 /* HCPContentConfig.m */; };
		576D6CDB1ED14016A6055F8F /* HCPContentManifest.m in Sources */ = {isa = PBXBuildFile; fileRef = CF415EE2DF744C1CAEC6450A /* HCPContentManifest.m */; };
		2E0ACFFFC1D74EF89CE64FF3 /* HCPPluginInternalPreferences.m in Sources */ = {isa = PBXBuildFile; fileRef = 63BFB0220379411A963778C2 /* HCPPluginInternalPreferences.m */; };
		0E75DD5543BB4DAF89B4C7DE /* HCPXmlConfig.m in Sources */ = {isa = PBXBuildFile; fileRef = 15FC831E0F9D4AFCB1BDA740 /* HCPXmlConfig.m */; };
		241F6FD83E904FE18F96C19C /* HCPXmlTags.m in Sources */ = {isa = PBXBuildFile; fileRef = 13B04F8A48AF4D7BA2F3A268 /* HCPXmlTags.m */; };
		5F93FA6950C7474AA2A6BB76 /* HCPXmlConfigParser.m in Sources */ = {isa = PBXBuildFile; fileRef = E1F9EF181BDA4F83B1A70466 /* HCPXmlConfigParser.m */; };
		886211A93B5E483F92637C93 /* HCPEvents.m in Sources */ = {isa = PBXBuildFile; fileRef = 7F64F40A80D544429FA5F989 /* HCPEvents.m */; };
		B5206216F50C4217B60734A0 /* CDVPluginResult+HCPEvents.m in Sources */ = {isa = PBXBuildFile; fileRef = 9C8B53F960F546A1B7838EE6 /* CDVPluginResult+HCPEvents.m */; };
		F1D59099E6644F4E8FFE46C9 /* HCPFilesStructure.m in Sources */ = {isa = PBXBuildFile; fileRef = C2FB6DAE0F4847CAAF11F21C /* HCPFilesStructure.m */; };
		BFC81F675E1842C29AD70F7E /* HCPManifestDiff.m in Sources */ = {isa = PBXBuildFile; fileRef = 8547C96A3FA14E1A80F00038 /* HCPManifestDiff.m */; };
		72A6D250732E43A58DE8312B /* HCPManifestFile.m in Sources */ = {isa = PBXBuildFile; fileRef = 662D268B4BBE4867A834F1D2 /* HCPManifestFile.m */; };
		400F48DCDE314E4EBE97BA5C /* HCPFileDownloader.m in Sources */ = {isa = PBXBuildFile; fileRef = CC0376EF20A44B869894DF78 /* HCPFileDownloader.m */; };
		892876630FA54902B7113EC0 /* HCPDataDownloader.m in Sources */ = {isa = PBXBuildFile; fileRef = A9C09EC23AEF45D48FD95501 /* HCPDataDownloader.m */; };
		DD7BD78B8767492A8B5C66EC /* HCPApplicationConfigStorage.m in Sources */ = {isa = PBXBuildFile; fileRef = 6BB7FE11A300416D9AFCB855 /* HCPApplicationConfigStorage.m */; };
		296294E782284EED971179AF /* HCPConfigStorageImpl.m in Sources */ = {isa = PBXBuildFile; fileRef = A38CFC2696EE4239ACCC24C0 /* HCPConfigStorageImpl.m */; };
		1EFA4EDC316145DAA8DB943D /* HCPContentManifestStorage.m in Sources */ = {isa = PBXBuildFile; fileRef = 0E0384198F0B4F88BF522AF5 /* HCPContentManifestStorage.m */; };
		595D7AE3F8C646968CD69E12 /* HCPPluginInternalPreferences+UserDefaults.m in Sources */ = {isa = PBXBuildFile; fileRef = 9ECEADE540114A1CA4F2B772 /* HCPPluginInternalPreferences+UserDefaults.m */; };
		04C09B1E7CF748C6928625C1 /* HCPFetchUpdateOptions.m in Sources */ = {isa = PBXBuildFile; fileRef = 79CC2E4DCE61451F9E25E5CF /* HCPFetchUpdateOptions.m */; };
		0D48ACB0CD4D49918425C52F /* HCPInstallationWorker.m in Sources */ = {isa = PBXBuildFile; fileRef = 0DED38B9ADC34EB18B416689 /* HCPInstallationWorker.m */; };
		B8BC590DFDFA4A04A04C4520 /* HCPUpdateInstaller.m in Sources */ = {isa = PBXBuildFile; fileRef = C9D56BEA890342E98AAD2495 /* HCPUpdateInstaller.m */; };
		0CD312AAB63544788A1535A1 /* HCPUpdateLoader.m in Sources */ = {isa = PBXBuildFile; fileRef = 7A60525B77C741E6A87DD36E /* HCPUpdateLoader.m */; };
		953B41275BE5434A9E215CCC /* HCPUpdateLoaderWorker.m in Sources */ = {isa = PBXBuildFile; fileRef = A5F7ABE55BB54B19B95C1615 /* HCPUpdateLoaderWorker.m */; };
		89994933D818402AA81BB98C /* HCPUpdateRequest.m in Sources */ = {isa = PBXBuildFile; fileRef = EA4D8D2327B24290AD8153F8 /* HCPUpdateRequest.m */; };
		2DBBF58099054514A0ADBF76 /* HCPCleanupHelper.m in Sources */ = {isa = PBXBuildFile; fileRef = BD12C06292EA4CDE97F77AB1 /* HCPCleanupHelper.m */; };
		91AE4CA01BF14BAA8A1E8085 /* NSBundle+HCPExtension.m in Sources */ = {isa = PBXBuildFile; fileRef = B869A33338A84609B0C64457 /* NSBundle+HCPExtension.m */; };
		5EBA66D67A6F4B76AA929A58 /* NSData+HCPMD5.m in Sources */ = {isa = PBXBuildFile; fileRef = 66F3AA74B26B4F7DB0711B25 /* NSData+HCPMD5.m */; };
		1163D9E4F2CC4263B49780D2 /* NSError+HCPExtension.m in Sources */ = {isa = PBXBuildFile; fileRef = 153D2553544E44009275748E /* NSError+HCPExtension.m */; };
		88FAB26A06814C28B093429D /* NSFileManager+HCPExtension.m in Sources */ = {isa = PBXBuildFile; fileRef = 7279E62D74584CBD8EF35C8D /* NSFileManager+HCPExtension.m */; };
		5E719FEC8F2E4F92AF9E16FA /* NSJSONSerialization+HCPExtension.m in Sources */ = {isa = PBXBuildFile; fileRef = 822ED3E33AB8413E9446170E /* NSJSONSerialization+HCPExtension.m */; };
		7922D991CE884D79BEA04CE6 /* HCPAppUpdateRequestAlertDialog.m in Sources */ = {isa = PBXBuildFile; fileRef = 1DBC6B1B511C4C55A3CA71F7 /* HCPAppUpdateRequestAlertDialog.m */; };
		2630BA3625984DB391CF2895 /* HCPAssetsFolderHelper.m in Sources */ = {isa = PBXBuildFile; fileRef = A986836B17E745418F18DC65 /* HCPAssetsFolderHelper.m */; };
		DB917A9F5AF24DDC97C1C492 /* CDVWKWebViewEngine+HCPPlugin_ReadAccessURL.m in Sources */ = {isa = PBXBuildFile; fileRef = D125E8829B3D4F1DA070E384 /* CDVWKWebViewEngine+HCPPlugin_ReadAccessURL.m */; };
/* End PBXBuildFile section */

/* Begin PBXContainerItemProxy section */
		301BF534109A57CC0062928A /* PBXContainerItemProxy */ = {
			isa = PBXContainerItemProxy;
			containerPortal = 301BF52D109A57CC0062928A /* CordovaLib.xcodeproj */;
			proxyType = 2;
			remoteGlobalIDString = D2AAC07E0554694100DB518D;
			remoteInfo = CordovaLib;
		};
		301BF550109A68C00062928A /* PBXContainerItemProxy */ = {
			isa = PBXContainerItemProxy;
			containerPortal = 301BF52D109A57CC0062928A /* CordovaLib.xcodeproj */;
			proxyType = 1;
			remoteGlobalIDString = D2AAC07D0554694100DB518D;
			remoteInfo = CordovaLib;
		};
/* End PBXContainerItemProxy section */

/* Begin PBXFileReference section */
		0207DA571B56EA530066E2B4 /* Images.xcassets */ = {isa = PBXFileReference; lastKnownFileType = folder.assetcatalog; name = Images.xcassets; path = "HelloCordova/Images.xcassets"; sourceTree = SOURCE_ROOT; };
		1D3623240D0F684500981E51 /* AppDelegate.h */ = {isa = PBXFileReference; fileEncoding = 4; lastKnownFileType = sourcecode.c.h; path = AppDelegate.h; sourceTree = "<group>"; };
		1D3623250D0F684500981E51 /* AppDelegate.m */ = {isa = PBXFileReference; fileEncoding = 4; lastKnownFileType = sourcecode.c.objc; path = AppDelegate.m; sourceTree = "<group>"; };
		1D6058910D05DD3D006BFB54 /* HelloCordova.app */ = {isa = PBXFileReference; explicitFileType = wrapper.application; includeInIndex = 0; path = "HelloCordova.app"; sourceTree = BUILT_PRODUCTS_DIR; };
		29B97316FDCFA39411CA2CEA /* main.m */ = {isa = PBXFileReference; fileEncoding = 4; lastKnownFileType = sourcecode.c.objc; path = main.m; sourceTree = "<group>"; };
		301BF52D109A57CC0062928A /* CordovaLib.xcodeproj */ = {isa = PBXFileReference; lastKnownFileType = "wrapper.pb-project"; path = CordovaLib/CordovaLib.xcodeproj; sourceTree = "<group>"; };
		301BF56E109A69640062928A /* www */ = {isa = PBXFileReference; lastKnownFileType = folder; path = www; sourceTree = SOURCE_ROOT; };
		302D95EE14D2391D003F00A1 /* MainViewController.h */ = {isa = PBXFileReference; fileEncoding = 4; lastKnownFileType = sourcecode.c.h; path = MainViewController.h; sourceTree = "<group>"; };
		302D95EF14D2391D003F00A1 /* MainViewController.m */ = {isa = PBXFileReference; fileEncoding = 4; lastKnownFileType = sourcecode.c.objc; path = MainViewController.m; sourceTree = "<group>"; };
		302D95F014D2391D003F00A1 /* MainViewController.xib */ = {isa = PBXFileReference; fileEncoding = 4; lastKnownFileType = file.xib; path = MainViewController.xib; sourceTree = "<group>"; };
		3047A50F1AB8059700498E2A /* build-debug.xcconfig */ = {isa = PBXFileReference; fileEncoding = 4; lastKnownFileType = text.xcconfig; name = "build-debug.xcconfig"; path = cordova/build-debug.xcconfig; sourceTree = SOURCE_ROOT; };
		3047A5101AB8059700498E2A /* build-release.xcconfig */ = {isa = PBXFileReference; fileEncoding = 4; lastKnownFileType = text.xcconfig; name = "build-release.xcconfig"; path = cordova/build-release.xcconfig; sourceTree = SOURCE_ROOT; };
		3047A5111AB8059700498E2A /* build.xcconfig */ = {isa = PBXFileReference; fileEncoding = 4; lastKnownFileType = text.xcconfig; name = build.xcconfig; path = cordova/build.xcconfig; sourceTree = SOURCE_ROOT; };
		32CA4F630368D1EE00C91783 /* HelloCordova-Prefix.pch */ = {isa = PBXFileReference; fileEncoding = 4; lastKnownFileType = sourcecode.c.h; path = "HelloCordova-Prefix.pch"; sourceTree = "<group>"; };
		6AFF5BF81D6E424B00AB3073 /* CDVLaunchScreen.storyboard */ = {isa = PBXFileReference; fileEncoding = 4; lastKnownFileType = file.storyboard; name = CDVLaunchScreen.storyboard; path = "HelloCordova/CDVLaunchScreen.storyboard"; sourceTree = SOURCE_ROOT; };
		8D1107310486CEB800E47090 /* HelloCordova-Info.plist */ = {isa = PBXFileReference; fileEncoding = 4; lastKnownFileType = text.plist.xml; name = "HelloCordova-Info.plist"; path = "HelloCordova/HelloCordova-Info.plist"; plistStructureDefinitionIdentifier = "com.apple.xcode.plist.structure-definition.iphone.info-plist"; sourceTree = SOURCE_ROOT; };
		EB87FDF31871DA8E0020F90C /* www */ = {isa = PBXFileReference; lastKnownFileType = folder; name = www; path = ../../www; sourceTree = "<group>"; };
		EB87FDF41871DAF40020F90C /* config.xml */ = {isa = PBXFileReference; lastKnownFileType = text.xml; name = config.xml; path = ../../config.xml; sourceTree = "<group>"; };
		F840E1F0165FE0F500CFE078 /* config.xml */ = {isa = PBXFileReference; lastKnownFileType = text.xml; name = config.xml; path = "HelloCordova/config.xml"; sourceTree = "<group>"; };
		ED33DF2A687741AEAF9F8254 /* Bridging-Header.h */ = {isa = PBXFileReference; fileEncoding = 4; lastKnownFileType = sourcecode.c.h; name = "Bridging-Header.h"; path = "Bridging-Header.h"; sourceTree = "<group>"; };
		0D0319FB4D1A4FB390710825 /* CDVDevice.m */ = {isa = PBXFileReference; name = "CDVDevice.m"; path = "cordova-plugin-device/CDVDevice.m"; sourceTree = "<group>"; fileEncoding = 4; lastKnownFileType = sourcecode.c.objc; explicitFileType = undefined; includeInIndex = 0; };
		3FF115466E704D3FB395AB61 /* CDVDevice.h */ = {isa = PBXFileReference; name = "CDVDevice.h"; path = "cordova-plugin-device/CDVDevice.h"; sourceTree = "<group>"; fileEncoding = 4; lastKnownFileType = sourcecode.c.h; explicitFileType = undefined; includeInIndex = 0; };
		0AA9AC3444294EF1B12CBFF9 /* UIImage+CropScaleOrientation.m */ = {isa = PBXFileReference; name = "UIImage+CropScaleOrientation.m"; path = "cordova-plugin-camera/UIImage+CropScaleOrientation.m"; sourceTree = "<group>"; fileEncoding = 4; lastKnownFileType = sourcecode.c.objc; explicitFileType = undefined; includeInIndex = 0; };
		BEEC9B61D7C048F9827A72ED /* CDVCamera.m */ = {isa = PBXFileReference; name = "CDVCamera.m"; path = "cordova-plugin-camera/CDVCamera.m"; sourceTree = "<group>"; fileEncoding = 4; lastKnownFileType = sourcecode.c.objc; explicitFileType = undefined; includeInIndex = 0; };
		91A0871E075A43F3AC5991CE /* CDVJpegHeaderWriter.m */ = {isa = PBXFileReference; name = "CDVJpegHeaderWriter.m"; path = "cordova-plugin-camera/CDVJpegHeaderWriter.m"; sourceTree = "<group>"; fileEncoding = 4; lastKnownFileType = sourcecode.c.objc; explicitFileType = undefined; includeInIndex = 0; };
		F674640C9F3E43C2826A9E51 /* UIImage+CropScaleOrientation.h */ = {isa = PBXFileReference; name = "UIImage+CropScaleOrientation.h"; path = "cordova-plugin-camera/UIImage+CropScaleOrientation.h"; sourceTree = "<group>"; fileEncoding = 4; lastKnownFileType = sourcecode.c.h; explicitFileType = undefined; includeInIndex = 0; };
		CF2E3FBDA7994F8480CEDAC4 /* CDVCamera.h */ = {isa = PBXFileReference; name = "CDVCamera.h"; path = "cordova-plugin-camera/CDVCamera.h"; sourceTree = "<group>"; fileEncoding = 4; lastKnownFileType = sourcecode.c.h; explicitFileType = undefined; includeInIndex = 0; };
		D0C471F836CB4E7C8939082E /* CDVJpegHeaderWriter.h */ = {isa = PBXFileReference; name = "CDVJpegHeaderWriter.h"; path = "cordova-plugin-camera/CDVJpegHeaderWriter.h"; sourceTree = "<group>"; fileEncoding = 4; lastKnownFileType = sourcecode.c.h; explicitFileType = undefined; includeInIndex = 0; };
		D4552BFA6A364EB2B0A1D6A4 /* CDVExif.h */ = {isa = PBXFileReference; name = "CDVExif.h"; path = "cordova-plugin-camera/CDVExif.h"; sourceTree = "<group>"; fileEncoding = 4; lastKnownFileType = sourcecode.c.h; explicitFileType = undefined; includeInIndex = 0; };
		108CBEAD72EE4522AE481BBD /* ImageIO.framework */ = {isa = PBXFileReference; name = "ImageIO.framework"; path = "System/Library/Frameworks/ImageIO.framework"; sourceTree = SDKROOT; fileEncoding = undefined; lastKnownFileType = wrapper.framework; explicitFileType = undefined; includeInIndex = 0; };
		ED3355512C214F04BF84F8C7 /* CoreLocation.framework */ = {isa = PBXFileReference; name = "CoreLocation.framework"; path = "System/Library/Frameworks/CoreLocation.framework"; sourceTree = SDKROOT; fileEncoding = undefined; lastKnownFileType = wrapper.framework; explicitFileType = undefined; includeInIndex = 0; };
		271DCDE533E54849BE2C83E5 /* AVFoundation.framework */ = {isa = PBXFileReference; name = "AVFoundation.framework"; path = "System/Library/Frameworks/AVFoundation.framework"; sourceTree = SDKROOT; fileEncoding = undefined; lastKnownFileType = wrapper.framework; explicitFileType = undefined; includeInIndex = 0; };
		8BE7D904A1BD43D38004E8F4 /* CDVLocation.m */ = {isa = PBXFileReference; name = "CDVLocation.m"; path = "cordova-plugin-geolocation/CDVLocation.m"; sourceTree = "<group>"; fileEncoding = 4; lastKnownFileType = sourcecode.c.objc; explicitFileType = undefined; includeInIndex = 0; };
		B4B6628C8AD04DE792297EEB /* CDVLocation.h */ = {isa = PBXFileReference; name = "CDVLocation.h"; path = "cordova-plugin-geolocation/CDVLocation.h"; sourceTree = "<group>"; fileEncoding = 4; lastKnownFileType = sourcecode.c.h; explicitFileType = undefined; includeInIndex = 0; };
		42211C3A55684AD1AE3DB1ED /* CDVContacts.m */ = {isa = PBXFileReference; name = "CDVContacts.m"; path = "cordova-plugin-contacts/CDVContacts.m"; sourceTree = "<group>"; fileEncoding = 4; lastKnownFileType = sourcecode.c.objc; explicitFileType = undefined; includeInIndex = 0; };
		7FC620D9F7004F0B8E3DFC51 /* CDVContact.m */ = {isa = PBXFileReference; name = "CDVContact.m"; path = "cordova-plugin-contacts/CDVContact.m"; sourceTree = "<group>"; fileEncoding = 4; lastKnownFileType = sourcecode.c.objc; explicitFileType = undefined; includeInIndex = 0; };
		2906D4BA01C741479406F4A9 /* CDVContacts.h */ = {isa = PBXFileReference; name = "CDVContacts.h"; path = "cordova-plugin-contacts/CDVContacts.h"; sourceTree = "<group>"; fileEncoding = 4; lastKnownFileType = sourcecode.c.h; explicitFileType = undefined; includeInIndex = 0; };
		2BE6336AB5184BAA9CFAE052 /* CDVContact.h */ = {isa = PBXFileReference; name = "CDVContact.h"; path = "cordova-plugin-contacts/CDVContact.h"; sourceTree = "<group>"; fileEncoding = 4; lastKnownFileType = sourcecode.c.h; explicitFileType = undefined; includeInIndex = 0; };
		F251FDD7384F4BC3A33EC501 /* AddressBook.framework */ = {isa = PBXFileReference; name = "AddressBook.framework"; path = "System/Library/Frameworks/AddressBook.framework"; sourceTree = SDKROOT; fileEncoding = undefined; lastKnownFileType = wrapper.framework; explicitFileType = undefined; includeInIndex = 0; };
		27CE5AE304B34C40B2D65474 /* AddressBookUI.framework */ = {isa = PBXFileReference; name = "AddressBookUI.framework"; path = "System/Library/Frameworks/AddressBookUI.framework"; sourceTree = SDKROOT; fileEncoding = undefined; lastKnownFileType = wrapper.framework; explicitFileType = undefined; includeInIndex = 0; };
		00943AADA5BE4D22ABC94544 /* CDVStatusBar.m */ = {isa = PBXFileReference; name = "CDVStatusBar.m"; path = "cordova-plugin-statusbar/CDVStatusBar.m"; sourceTree = "<group>"; fileEncoding = 4; lastKnownFileType = sourcecode.c.objc; explicitFileType = undefined; includeInIndex = 0; };
		DB187FB3E434462D91CB5B52 /* CDVStatusBar.h */ = {isa = PBXFileReference; name = "CDVStatusBar.h"; path = "cordova-plugin-statusbar/CDVStatusBar.h"; sourceTree = "<group>"; fileEncoding = 4; lastKnownFileType = sourcecode.c.h; explicitFileType = undefined; includeInIndex = 0; };
		68B2912F8427480791CE675B /* HCPPlugin.m */ = {isa = PBXFileReference; name = "HCPPlugin.m"; path = "cordova-hot-code-push-plugin/HCPPlugin.m"; sourceTree = "<group>"; fileEncoding = 4; lastKnownFileType = sourcecode.c.objc; explicitFileType = undefined; includeInIndex = 0; };
		B9BCC2BFDBDF40DDA20CD8D7 /* HCPApplicationConfig.m */ = {isa = PBXFileReference; name = "HCPApplicationConfig.m"; path = "cordova-hot-code-push-plugin/Config/HCPApplicationConfig.m"; sourceTree = "<group>"; fileEncoding = 4; lastKnownFileType = sourcecode.c.objc; explicitFileType = undefined; includeInIndex = 0; };
		31B385CACF9B4051AAD5F603 /* HCPContentConfig.m */ = {isa = PBXFileReference; name = "HCPContentConfig.m"; path = "cordova-hot-code-push-plugin/Config/HCPContentConfig.m"; sourceTree = "<group>"; fileEncoding = 4; lastKnownFileType = sourcecode.c.objc; explicitFileType = undefined; includeInIndex = 0; };
		CF415EE2DF744C1CAEC6450A /* HCPContentManifest.m */ = {isa = PBXFileReference; name = "HCPContentManifest.m"; path = "cordova-hot-code-push-plugin/Config/HCPContentManifest.m"; sourceTree = "<group>"; fileEncoding = 4; lastKnownFileType = sourcecode.c.objc; explicitFileType = undefined; includeInIndex = 0; };
		63BFB0220379411A963778C2 /* HCPPluginInternalPreferences.m */ = {isa = PBXFileReference; name = "HCPPluginInternalPreferences.m"; path = "cordova-hot-code-push-plugin/Config/HCPPluginInternalPreferences.m"; sourceTree = "<group>"; fileEncoding = 4; lastKnownFileType = sourcecode.c.objc; explicitFileType = undefined; includeInIndex = 0; };
		15FC831E0F9D4AFCB1BDA740 /* HCPXmlConfig.m */ = {isa = PBXFileReference; name = "HCPXmlConfig.m"; path = "cordova-hot-code-push-plugin/Config/HCPXmlConfig.m"; sourceTree = "<group>"; fileEncoding = 4; lastKnownFileType = sourcecode.c.objc; explicitFileType = undefined; includeInIndex = 0; };
		13B04F8A48AF4D7BA2F3A268 /* HCPXmlTags.m */ = {isa = PBXFileReference; name = "HCPXmlTags.m"; path = "cordova-hot-code-push-plugin/Config/HCPXmlTags.m"; sourceTree = "<group>"; fileEncoding = 4; lastKnownFileType = sourcecode.c.objc; explicitFileType = undefined; includeInIndex = 0; };
		E1F9EF181BDA4F83B1A70466 /* HCPXmlConfigParser.m */ = {isa = PBXFileReference; name = "HCPXmlConfigParser.m"; path = "cordova-hot-code-push-plugin/Config/HCPXmlConfigParser.m"; sourceTree = "<group>"; fileEncoding = 4; lastKnownFileType = sourcecode.c.objc; explicitFileType = undefined; includeInIndex = 0; };
		7F64F40A80D544429FA5F989 /* HCPEvents.m */ = {isa = PBXFileReference; name = "HCPEvents.m"; path = "cordova-hot-code-push-plugin/Events/HCPEvents.m"; sourceTree = "<group>"; fileEncoding = 4; lastKnownFileType = sourcecode.c.objc; explicitFileType = undefined; includeInIndex = 0; };
		9C8B53F960F546A1B7838EE6 /* CDVPluginResult+HCPEvents.m */ = {isa = PBXFileReference; name = "CDVPluginResult+HCPEvents.m"; path = "cordova-hot-code-push-plugin/JS/CDVPluginResult+HCPEvents.m"; sourceTree = "<group>"; fileEncoding = 4; lastKnownFileType = sourcecode.c.objc; explicitFileType = undefined; includeInIndex = 0; };
		C2FB6DAE0F4847CAAF11F21C /* HCPFilesStructure.m */ = {isa = PBXFileReference; name = "HCPFilesStructure.m"; path = "cordova-hot-code-push-plugin/Model/HCPFilesStructure.m"; sourceTree = "<group>"; fileEncoding = 4; lastKnownFileType = sourcecode.c.objc; explicitFileType = undefined; includeInIndex = 0; };
		8547C96A3FA14E1A80F00038 /* HCPManifestDiff.m */ = {isa = PBXFileReference; name = "HCPManifestDiff.m"; path = "cordova-hot-code-push-plugin/Model/HCPManifestDiff.m"; sourceTree = "<group>"; fileEncoding = 4; lastKnownFileType = sourcecode.c.objc; explicitFileType = undefined; includeInIndex = 0; };
		662D268B4BBE4867A834F1D2 /* HCPManifestFile.m */ = {isa = PBXFileReference; name = "HCPManifestFile.m"; path = "cordova-hot-code-push-plugin/Model/HCPManifestFile.m"; sourceTree = "<group>"; fileEncoding = 4; lastKnownFileType = sourcecode.c.objc; explicitFileType = undefined; includeInIndex = 0; };
		CC0376EF20A44B869894DF78 /* HCPFileDownloader.m */ = {isa = PBXFileReference; name = "HCPFileDownloader.m"; path = "cordova-hot-code-push-plugin/Network/HCPFileDownloader.m"; sourceTree = "<group>"; fileEncoding = 4; lastKnownFileType = sourcecode.c.objc; explicitFileType = undefined; includeInIndex = 0; };
		A9C09EC23AEF45D48FD95501 /* HCPDataDownloader.m */ = {isa = PBXFileReference; name = "HCPDataDownloader.m"; path = "cordova-hot-code-push-plugin/Network/HCPDataDownloader.m"; sourceTree = "<group>"; fileEncoding = 4; lastKnownFileType = sourcecode.c.objc; explicitFileType = undefined; includeInIndex = 0; };
		6BB7FE11A300416D9AFCB855 /* HCPApplicationConfigStorage.m */ = {isa = PBXFileReference; name = "HCPApplicationConfigStorage.m"; path = "cordova-hot-code-push-plugin/Storage/HCPApplicationConfigStorage.m"; sourceTree = "<group>"; fileEncoding = 4; lastKnownFileType = sourcecode.c.objc; explicitFileType = undefined; includeInIndex = 0; };
		A38CFC2696EE4239ACCC24C0 /* HCPConfigStorageImpl.m */ = {isa = PBXFileReference; name = "HCPConfigStorageImpl.m"; path = "cordova-hot-code-push-plugin/Storage/HCPConfigStorageImpl.m"; sourceTree = "<group>"; fileEncoding = 4; lastKnownFileType = sourcecode.c.objc; explicitFileType = undefined; includeInIndex = 0; };
		0E0384198F0B4F88BF522AF5 /* HCPContentManifestStorage.m */ = {isa = PBXFileReference; name = "HCPContentManifestStorage.m"; path = "cordova-hot-code-push-plugin/Storage/HCPContentManifestStorage.m"; sourceTree = "<group>"; fileEncoding = 4; lastKnownFileType = sourcecode.c.objc; explicitFileType = undefined; includeInIndex = 0; };
		9ECEADE540114A1CA4F2B772 /* HCPPluginInternalPreferences+UserDefaults.m */ = {isa = PBXFileReference; name = "HCPPluginInternalPreferences+UserDefaults.m"; path = "cordova-hot-code-push-plugin/Storage/HCPPluginInternalPreferences+UserDefaults.m"; sourceTree = "<group>"; fileEncoding = 4; lastKnownFileType = sourcecode.c.objc; explicitFileType = undefined; includeInIndex = 0; };
		79CC2E4DCE61451F9E25E5CF /* HCPFetchUpdateOptions.m */ = {isa = PBXFileReference; name = "HCPFetchUpdateOptions.m"; path = "cordova-hot-code-push-plugin/Updater/HCPFetchUpdateOptions.m"; sourceTree = "<group>"; fileEncoding = 4; lastKnownFileType = sourcecode.c.objc; explicitFileType = undefined; includeInIndex = 0; };
		0DED38B9ADC34EB18B416689 /* HCPInstallationWorker.m */ = {isa = PBXFileReference; name = "HCPInstallationWorker.m"; path = "cordova-hot-code-push-plugin/Updater/HCPInstallationWorker.m"; sourceTree = "<group>"; fileEncoding = 4; lastKnownFileType = sourcecode.c.objc; explicitFileType = undefined; includeInIndex = 0; };
		C9D56BEA890342E98AAD2495 /* HCPUpdateInstaller.m */ = {isa = PBXFileReference; name = "HCPUpdateInstaller.m"; path = "cordova-hot-code-push-plugin/Updater/HCPUpdateInstaller.m"; sourceTree = "<group>"; fileEncoding = 4; lastKnownFileType = sourcecode.c.objc; explicitFileType = undefined; includeInIndex = 0; };
		7A60525B77C741E6A87DD36E /* HCPUpdateLoader.m */ = {isa = PBXFileReference; name = "HCPUpdateLoader.m"; path = "cordova-hot-code-push-plugin/Updater/HCPUpdateLoader.m"; sourceTree = "<group>"; fileEncoding = 4; lastKnownFileType = sourcecode.c.objc; explicitFileType = undefined; includeInIndex = 0; };
		A5F7ABE55BB54B19B95C1615 /* HCPUpdateLoaderWorker.m */ = {isa = PBXFileReference; name = "HCPUpdateLoaderWorker.m"; path = "cordova-hot-code-push-plugin/Updater/HCPUpdateLoaderWorker.m"; sourceTree = "<group>"; fileEncoding = 4; lastKnownFileType = sourcecode.c.objc; explicitFileType = undefined; includeInIndex = 0; };
		EA4D8D2327B24290AD8153F8 /* HCPUpdateRequest.m */ = {isa = PBXFileReference; name = "HCPUpdateRequest.m"; path = "cordova-hot-code-push-plugin/Updater/HCPUpdateRequest.m"; sourceTree = "<group>"; fileEncoding = 4; lastKnownFileType = sourcecode.c.objc; explicitFileType = undefined; includeInIndex = 0; };
		BD12C06292EA4CDE97F77AB1 /* HCPCleanupHelper.m */ = {isa = PBXFileReference; name = "HCPCleanupHelper.m"; path = "cordova-hot-code-push-plugin/Utils/HCPCleanupHelper.m"; sourceTree = "<group>"; fileEncoding = 4; lastKnownFileType = sourcecode.c.objc; explicitFileType = undefined; includeInIndex = 0; };
		B869A33338A84609B0C64457 /* NSBundle+HCPExtension.m */ = {isa = PBXFileReference; name = "NSBundle+HCPExtension.m"; path = "cordova-hot-code-push-plugin/Utils/NSBundle+HCPExtension.m"; sourceTree = "<group>"; fileEncoding = 4; lastKnownFileType = sourcecode.c.objc; explicitFileType = undefined; includeInIndex = 0; };
		66F3AA74B26B4F7DB0711B25 /* NSData+HCPMD5.m */ = {isa = PBXFileReference; name = "NSData+HCPMD5.m"; path = "cordova-hot-code-push-plugin/Utils/NSData+HCPMD5.m"; sourceTree = "<group>"; fileEncoding = 4; lastKnownFileType = sourcecode.c.objc; explicitFileType = undefined; includeInIndex = 0; };
		153D2553544E44009275748E /* NSError+HCPExtension.m */ = {isa = PBXFileReference; name = "NSError+HCPExtension.m"; path = "cordova-hot-code-push-plugin/Utils/NSError+HCPExtension.m"; sourceTree = "<group>"; fileEncoding = 4; lastKnownFileType = sourcecode.c.objc; explicitFileType = undefined; includeInIndex = 0; };
		7279E62D74584CBD8EF35C8D /* NSFileManager+HCPExtension.m */ = {isa = PBXFileReference; name = "NSFileManager+HCPExtension.m"; path = "cordova-hot-code-push-plugin/Utils/NSFileManager+HCPExtension.m"; sourceTree = "<group>"; fileEncoding = 4; lastKnownFileType = sourcecode.c.objc; explicitFileType = undefined; includeInIndex = 0; };
		822ED3E33AB8413E9446170E /* NSJSONSerialization+HCPExtension.m */ = {isa = PBXFileReference; name = "NSJSONSerialization+HCPExtension.m"; path = "cordova-hot-code-push-plugin/Utils/NSJSONSerialization+HCPExtension.m"; sourceTree = "<group>"; fileEncoding = 4; lastKnownFileType = sourcecode.c.objc; explicitFileType = undefined; includeInIndex = 0; };
		1DBC6B1B511C4C55A3CA71F7 /* HCPAppUpdateRequestAlertDialog.m */ = {isa = PBXFileReference; name = "HCPAppUpdateRequestAlertDialog.m"; path = "cordova-hot-code-push-plugin/Utils/HCPAppUpdateRequestAlertDialog.m"; sourceTree = "<group>"; fileEncoding = 4; lastKnownFileType = sourcecode.c.objc; explicitFileType = undefined; includeInIndex = 0; };
		A986836B17E745418F18DC65 /* HCPAssetsFolderHelper.m */ = {isa = PBXFileReference; name = "HCPAssetsFolderHelper.m"; path = "cordova-hot-code-push-plugin/Utils/HCPAssetsFolderHelper.m"; sourceTree = "<group>"; fileEncoding = 4; lastKnownFileType = sourcecode.c.objc; explicitFileType = undefined; includeInIndex = 0; };
		D125E8829B3D4F1DA070E384 /* CDVWKWebViewEngine+HCPPlugin_ReadAccessURL.m */ = {isa = PBXFileReference; name = "CDVWKWebViewEngine+HCPPlugin_ReadAccessURL.m"; path = "cordova-hot-code-push-plugin/WKWebViewFix/CDVWKWebViewEngine+HCPPlugin_ReadAccessURL.m"; sourceTree = "<group>"; fileEncoding = 4; lastKnownFileType = sourcecode.c.objc; explicitFileType = undefined; includeInIndex = 0; };
		2C3F8FACFBEA4D7091E8E166 /* HCPPlugin.h */ = {isa = PBXFileReference; name = "HCPPlugin.h"; path = "cordova-hot-code-push-plugin/HCPPlugin.h"; sourceTree = "<group>"; fileEncoding = 4; lastKnownFileType = sourcecode.c.h; explicitFileType = undefined; includeInIndex = 0; };
		CDC50883C96E4497B85925EF /* HCPApplicationConfig.h */ = {isa = PBXFileReference; name = "HCPApplicationConfig.h"; path = "cordova-hot-code-push-plugin/Config/HCPApplicationConfig.h"; sourceTree = "<group>"; fileEncoding = 4; lastKnownFileType = sourcecode.c.h; explicitFileType = undefined; includeInIndex = 0; };
		EA7727643B064D0C9B768E6F /* HCPContentConfig.h */ = {isa = PBXFileReference; name = "HCPContentConfig.h"; path = "cordova-hot-code-push-plugin/Config/HCPContentConfig.h"; sourceTree = "<group>"; fileEncoding = 4; lastKnownFileType = sourcecode.c.h; explicitFileType = undefined; includeInIndex = 0; };
		E79E9B3118A44712BC86137A /* HCPContentManifest.h */ = {isa = PBXFileReference; name = "HCPContentManifest.h"; path = "cordova-hot-code-push-plugin/Config/HCPContentManifest.h"; sourceTree = "<group>"; fileEncoding = 4; lastKnownFileType = sourcecode.c.h; explicitFileType = undefined; includeInIndex = 0; };
		3E825AE2722045C2AD82BAA4 /* HCPPluginInternalPreferences.h */ = {isa = PBXFileReference; name = "HCPPluginInternalPreferences.h"; path = "cordova-hot-code-push-plugin/Config/HCPPluginInternalPreferences.h"; sourceTree = "<group>"; fileEncoding = 4; lastKnownFileType = sourcecode.c.h; explicitFileType = undefined; includeInIndex = 0; };
		ACD2E7288CAB4C228B14087E /* HCPXmlConfig.h */ = {isa = PBXFileReference; name = "HCPXmlConfig.h"; path = "cordova-hot-code-push-plugin/Config/HCPXmlConfig.h"; sourceTree = "<group>"; fileEncoding = 4; lastKnownFileType = sourcecode.c.h; explicitFileType = undefined; includeInIndex = 0; };
		F6F7B9E33716491AB50EBAA6 /* HCPXmlTags.h */ = {isa = PBXFileReference; name = "HCPXmlTags.h"; path = "cordova-hot-code-push-plugin/Config/HCPXmlTags.h"; sourceTree = "<group>"; fileEncoding = 4; lastKnownFileType = sourcecode.c.h; explicitFileType = undefined; includeInIndex = 0; };
		2A5054C95D20451FA9CF53EF /* HCPXmlConfigParser.h */ = {isa = PBXFileReference; name = "HCPXmlConfigParser.h"; path = "cordova-hot-code-push-plugin/Config/HCPXmlConfigParser.h"; sourceTree = "<group>"; fileEncoding = 4; lastKnownFileType = sourcecode.c.h; explicitFileType = undefined; includeInIndex = 0; };
		B32ADAF9CE064B9190471C75 /* HCPEvents.h */ = {isa = PBXFileReference; name = "HCPEvents.h"; path = "cordova-hot-code-push-plugin/Events/HCPEvents.h"; sourceTree = "<group>"; fileEncoding = 4; lastKnownFileType = sourcecode.c.h; explicitFileType = undefined; includeInIndex = 0; };
		C5764A8139B34DE39EBBED7B /* CDVPluginResult+HCPEvents.h */ = {isa = PBXFileReference; name = "CDVPluginResult+HCPEvents.h"; path = "cordova-hot-code-push-plugin/JS/CDVPluginResult+HCPEvents.h"; sourceTree = "<group>"; fileEncoding = 4; lastKnownFileType = sourcecode.c.h; explicitFileType = undefined; includeInIndex = 0; };
		F9CE5420759C418582013B29 /* HCPFilesStructure.h */ = {isa = PBXFileReference; name = "HCPFilesStructure.h"; path = "cordova-hot-code-push-plugin/Model/HCPFilesStructure.h"; sourceTree = "<group>"; fileEncoding = 4; lastKnownFileType = sourcecode.c.h; explicitFileType = undefined; includeInIndex = 0; };
		18B8CFD54430441B93354284 /* HCPJsonConvertable.h */ = {isa = PBXFileReference; name = "HCPJsonConvertable.h"; path = "cordova-hot-code-push-plugin/Model/HCPJsonConvertable.h"; sourceTree = "<group>"; fileEncoding = 4; lastKnownFileType = sourcecode.c.h; explicitFileType = undefined; includeInIndex = 0; };
		CFF631906FF140D88D3AE123 /* HCPManifestDiff.h */ = {isa = PBXFileReference; name = "HCPManifestDiff.h"; path = "cordova-hot-code-push-plugin/Model/HCPManifestDiff.h"; sourceTree = "<group>"; fileEncoding = 4; lastKnownFileType = sourcecode.c.h; explicitFileType = undefined; includeInIndex = 0; };
		06694D67ABF34AC49FB2B0C0 /* HCPManifestFile.h */ = {isa = PBXFileReference; name = "HCPManifestFile.h"; path = "cordova-hot-code-push-plugin/Model/HCPManifestFile.h"; sourceTree = "<group>"; fileEncoding = 4; lastKnownFileType = sourcecode.c.h; explicitFileType = undefined; includeInIndex = 0; };
		1F6A7CEAB0734861A6CEE95F /* HCPFileDownloader.h */ = {isa = PBXFileReference; name = "HCPFileDownloader.h"; path = "cordova-hot-code-push-plugin/Network/HCPFileDownloader.h"; sourceTree = "<group>"; fileEncoding = 4; lastKnownFileType = sourcecode.c.h; explicitFileType = undefined; includeInIndex = 0; };
		0EFA6698BF4E4159B1009E59 /* HCPDataDownloader.h */ = {isa = PBXFileReference; name = "HCPDataDownloader.h"; path = "cordova-hot-code-push-plugin/Network/HCPDataDownloader.h"; sourceTree = "<group>"; fileEncoding = 4; lastKnownFileType = sourcecode.c.h; explicitFileType = undefined; includeInIndex = 0; };
		9AE26C8BEDA448FC8F88AEE1 /* HCPApplicationConfigStorage.h */ = {isa = PBXFileReference; name = "HCPApplicationConfigStorage.h"; path = "cordova-hot-code-push-plugin/Storage/HCPApplicationConfigStorage.h"; sourceTree = "<group>"; fileEncoding = 4; lastKnownFileType = sourcecode.c.h; explicitFileType = undefined; includeInIndex = 0; };
		6062D28380E04186BC05C895 /* HCPConfigFileStorage.h */ = {isa = PBXFileReference; name = "HCPConfigFileStorage.h"; path = "cordova-hot-code-push-plugin/Storage/HCPConfigFileStorage.h"; sourceTree = "<group>"; fileEncoding = 4; lastKnownFileType = sourcecode.c.h; explicitFileType = undefined; includeInIndex = 0; };
		7238F5769BBA4BB09CBF5D70 /* HCPConfigStorageImpl.h */ = {isa = PBXFileReference; name = "HCPConfigStorageImpl.h"; path = "cordova-hot-code-push-plugin/Storage/HCPConfigStorageImpl.h"; sourceTree = "<group>"; fileEncoding = 4; lastKnownFileType = sourcecode.c.h; explicitFileType = undefined; includeInIndex = 0; };
		5B4B300999A44C7AB64CD909 /* HCPContentManifestStorage.h */ = {isa = PBXFileReference; name = "HCPContentManifestStorage.h"; path = "cordova-hot-code-push-plugin/Storage/HCPContentManifestStorage.h"; sourceTree = "<group>"; fileEncoding = 4; lastKnownFileType = sourcecode.c.h; explicitFileType = undefined; includeInIndex = 0; };
		DFB1C0D49F2D4D67BF61A96D /* HCPPluginInternalPreferences+UserDefaults.h */ = {isa = PBXFileReference; name = "HCPPluginInternalPreferences+UserDefaults.h"; path = "cordova-hot-code-push-plugin/Storage/HCPPluginInternalPreferences+UserDefaults.h"; sourceTree = "<group>"; fileEncoding = 4; lastKnownFileType = sourcecode.c.h; explicitFileType = undefined; includeInIndex = 0; };
		9CEC13EA360147B5B2E75CFF /* HCPFetchUpdateOptions.h */ = {isa = PBXFileReference; name = "HCPFetchUpdateOptions.h"; path = "cordova-hot-code-push-plugin/Updater/HCPFetchUpdateOptions.h"; sourceTree = "<group>"; fileEncoding = 4; lastKnownFileType = sourcecode.c.h; explicitFileType = undefined; includeInIndex = 0; };
		08A267B87DB34BDA92340567 /* HCPInstallationWorker.h */ = {isa = PBXFileReference; name = "HCPInstallationWorker.h"; path = "cordova-hot-code-push-plugin/Updater/HCPInstallationWorker.h"; sourceTree = "<group>"; fileEncoding = 4; lastKnownFileType = sourcecode.c.h; explicitFileType = undefined; includeInIndex = 0; };
		ABB92A503ADD402D95CA4BEE /* HCPUpdateInstaller.h */ = {isa = PBXFileReference; name = "HCPUpdateInstaller.h"; path = "cordova-hot-code-push-plugin/Updater/HCPUpdateInstaller.h"; sourceTree = "<group>"; fileEncoding = 4; lastKnownFileType = sourcecode.c.h; explicitFileType = undefined; includeInIndex = 0; };
		B083AC88A7CA479181DB2B67 /* HCPUpdateLoader.h */ = {isa = PBXFileReference; name = "HCPUpdateLoader.h"; path = "cordova-hot-code-push-plugin/Updater/HCPUpdateLoader.h"; sourceTree = "<group>"; fileEncoding = 4; lastKnownFileType = sourcecode.c.h; explicitFileType = undefined; includeInIndex = 0; };
		9D29586E806A4467AAFA4600 /* HCPUpdateLoaderWorker.h */ = {isa = PBXFileReference; name = "HCPUpdateLoaderWorker.h"; path = "cordova-hot-code-push-plugin/Updater/HCPUpdateLoaderWorker.h"; sourceTree = "<group>"; fileEncoding = 4; lastKnownFileType = sourcecode.c.h; explicitFileType = undefined; includeInIndex = 0; };
		7A79028D3BFA47989BE4FFD1 /* HCPUpdateRequest.h */ = {isa = PBXFileReference; name = "HCPUpdateRequest.h"; path = "cordova-hot-code-push-plugin/Updater/HCPUpdateRequest.h"; sourceTree = "<group>"; fileEncoding = 4; lastKnownFileType = sourcecode.c.h; explicitFileType = undefined; includeInIndex = 0; };
		B65483A8D39D4A81ACE3FA6E /* HCPWorker.h */ = {isa = PBXFileReference; name = "HCPWorker.h"; path = "cordova-hot-code-push-plugin/Updater/HCPWorker.h"; sourceTree = "<group>"; fileEncoding = 4; lastKnownFileType = sourcecode.c.h; explicitFileType = undefined; includeInIndex = 0; };
		AC4128C3F94348BDB5069E45 /* HCPCleanupHelper.h */ = {isa = PBXFileReference; name = "HCPCleanupHelper.h"; path = "cordova-hot-code-push-plugin/Utils/HCPCleanupHelper.h"; sourceTree = "<group>"; fileEncoding = 4; lastKnownFileType = sourcecode.c.h; explicitFileType = undefined; includeInIndex = 0; };
		4471E2F63F2A42909FFE3FF1 /* NSBundle+HCPExtension.h */ = {isa = PBXFileReference; name = "NSBundle+HCPExtension.h"; path = "cordova-hot-code-push-plugin/Utils/NSBundle+HCPExtension.h"; sourceTree = "<group>"; fileEncoding = 4; lastKnownFileType = sourcecode.c.h; explicitFileType = undefined; includeInIndex = 0; };
		8E730528086C4532A06658A8 /* NSData+HCPMD5.h */ = {isa = PBXFileReference; name = "NSData+HCPMD5.h"; path = "cordova-hot-code-push-plugin/Utils/NSData+HCPMD5.h"; sourceTree = "<group>"; fileEncoding = 4; lastKnownFileType = sourcecode.c.h; explicitFileType = undefined; includeInIndex = 0; };
		F288A14DA38648A993F4DA58 /* NSError+HCPExtension.h */ = {isa = PBXFileReference; name = "NSError+HCPExtension.h"; path = "cordova-hot-code-push-plugin/Utils/NSError+HCPExtension.h"; sourceTree = "<group>"; fileEncoding = 4; lastKnownFileType = sourcecode.c.h; explicitFileType = undefined; includeInIndex = 0; };
		4AF5CED85F064270A199062E /* NSFileManager+HCPExtension.h */ = {isa = PBXFileReference; name = "NSFileManager+HCPExtension.h"; path = "cordova-hot-code-push-plugin/Utils/NSFileManager+HCPExtension.h"; sourceTree = "<group>"; fileEncoding = 4; lastKnownFileType = sourcecode.c.h; explicitFileType = undefined; includeInIndex = 0; };
		464F8DC3C3734BC0A4863295 /* NSJSONSerialization+HCPExtension.h */ = {isa = PBXFileReference; name = "NSJSONSerialization+HCPExtension.h"; path = "cordova-hot-code-push-plugin/Utils/NSJSONSerialization+HCPExtension.h"; sourceTree = "<group>"; fileEncoding = 4; lastKnownFileType = sourcecode.c.h; explicitFileType = undefined; includeInIndex = 0; };
		DFFC8A0EAD0D41B6A4BE198F /* HCPAppUpdateRequestAlertDialog.h */ = {isa = PBXFileReference; name = "HCPAppUpdateRequestAlertDialog.h"; path = "cordova-hot-code-push-plugin/Utils/HCPAppUpdateRequestAlertDialog.h"; sourceTree = "<group>"; fileEncoding = 4; lastKnownFileType = sourcecode.c.h; explicitFileType = undefined; includeInIndex = 0; };
		3F279D855F664495B214EFB5 /* HCPAssetsFolderHelper.h */ = {isa = PBXFileReference; name = "HCPAssetsFolderHelper.h"; path = "cordova-hot-code-push-plugin/Utils/HCPAssetsFolderHelper.h"; sourceTree = "<group>"; fileEncoding = 4; lastKnownFileType = sourcecode.c.h; explicitFileType = undefined; includeInIndex = 0; };
		748ABF802F2D49A0A9C9887C /* CDVWKWebViewEngine+HCPPlugin_ReadAccessURL.h */ = {isa = PBXFileReference; name = "CDVWKWebViewEngine+HCPPlugin_ReadAccessURL.h"; path = "cordova-hot-code-push-plugin/WKWebViewFix/CDVWKWebViewEngine+HCPPlugin_ReadAccessURL.h"; sourceTree = "<group>"; fileEncoding = 4; lastKnownFileType = sourcecode.c.h; explicitFileType = undefined; includeInIndex = 0; };
/* End PBXFileReference section */

/* Begin PBXFrameworksBuildPhase section */
		1D60588F0D05DD3D006BFB54 /* Frameworks */ = {
			isa = PBXFrameworksBuildPhase;
			buildActionMask = 2147483647;
			files = (
				301BF552109A68D80062928A /* libCordova.a in Frameworks */,
				042645B6A90B43B19BA31A36 /* ImageIO.framework in Frameworks */,
				31495B88C5FF482BB7DE65FC /* CoreLocation.framework in Frameworks */,
				614887B1BA5C4880B2C1769C /* AVFoundation.framework in Frameworks */,
				17158EB51A0249E6AB509DF8 /* AddressBook.framework in Frameworks */,
				48F5A805F2E94F238D981DA0 /* AddressBookUI.framework in Frameworks */,
			);
			runOnlyForDeploymentPostprocessing = 0;
		};
/* End PBXFrameworksBuildPhase section */

/* Begin PBXGroup section */
		080E96DDFE201D6D7F000001 /* Classes */ = {
			isa = PBXGroup;
			children = (
				302D95EE14D2391D003F00A1 /* MainViewController.h */,
				302D95EF14D2391D003F00A1 /* MainViewController.m */,
				302D95F014D2391D003F00A1 /* MainViewController.xib */,
				1D3623240D0F684500981E51 /* AppDelegate.h */,
				1D3623250D0F684500981E51 /* AppDelegate.m */,
			);
			name = Classes;
			path = "HelloCordova/Classes";
			sourceTree = SOURCE_ROOT;
		};
		19C28FACFE9D520D11CA2CBB /* Products */ = {
			isa = PBXGroup;
			children = (
				1D6058910D05DD3D006BFB54 /* HelloCordova.app */,
			);
			name = Products;
			sourceTree = "<group>";
		};
		29B97314FDCFA39411CA2CEA /* CustomTemplate */ = {
			isa = PBXGroup;
			children = (
				EB87FDF41871DAF40020F90C /* config.xml */,
				EB87FDF31871DA8E0020F90C /* www */,
				EB87FDF11871DA420020F90C /* Staging */,
				301BF52D109A57CC0062928A /* CordovaLib.xcodeproj */,
				080E96DDFE201D6D7F000001 /* Classes */,
				307C750510C5A3420062BCA9 /* Plugins */,
				29B97315FDCFA39411CA2CEA /* Other Sources */,
				29B97317FDCFA39411CA2CEA /* Resources */,
				29B97323FDCFA39411CA2CEA /* Frameworks */,
				19C28FACFE9D520D11CA2CBB /* Products */,
			);
			name = CustomTemplate;
			sourceTree = "<group>";
		};
		29B97315FDCFA39411CA2CEA /* Other Sources */ = {
			isa = PBXGroup;
			children = (
				32CA4F630368D1EE00C91783 /* HelloCordova-Prefix.pch */,
				29B97316FDCFA39411CA2CEA /* main.m */,
				ED33DF2A687741AEAF9F8254 /* Bridging-Header.h */,
			);
			name = "Other Sources";
			path = "HelloCordova";
			sourceTree = "<group>";
		};
		29B97317FDCFA39411CA2CEA /* Resources */ = {
			isa = PBXGroup;
			children = (
				0207DA571B56EA530066E2B4 /* Images.xcassets */,
				3047A50E1AB8057F00498E2A /* config */,
				8D1107310486CEB800E47090 /* HelloCordova-Info.plist */,
				6AFF5BF81D6E424B00AB3073 /* CDVLaunchScreen.storyboard */,
			);
			name = Resources;
			path = "HelloCordova/Resources";
			sourceTree = "<group>";
		};
		29B97323FDCFA39411CA2CEA /* Frameworks */ = {
			isa = PBXGroup;
			children = (
				108CBEAD72EE4522AE481BBD /* ImageIO.framework */,
				ED3355512C214F04BF84F8C7 /* CoreLocation.framework */,
				271DCDE533E54849BE2C83E5 /* AVFoundation.framework */,
				F251FDD7384F4BC3A33EC501 /* AddressBook.framework */,
				27CE5AE304B34C40B2D65474 /* AddressBookUI.framework */,
			);
			name = Frameworks;
			sourceTree = "<group>";
		};
		301BF52E109A57CC0062928A /* Products */ = {
			isa = PBXGroup;
			children = (
				301BF535109A57CC0062928A /* libCordova.a */,
			);
			name = Products;
			sourceTree = "<group>";
		};
		3047A50E1AB8057F00498E2A /* config */ = {
			isa = PBXGroup;
			children = (
				3047A50F1AB8059700498E2A /* build-debug.xcconfig */,
				3047A5101AB8059700498E2A /* build-release.xcconfig */,
				3047A5111AB8059700498E2A /* build.xcconfig */,
			);
			name = config;
			sourceTree = "<group>";
		};
		307C750510C5A3420062BCA9 /* Plugins */ = {
			isa = PBXGroup;
			children = (
				0D0319FB4D1A4FB390710825 /* CDVDevice.m */,
				3FF115466E704D3FB395AB61 /* CDVDevice.h */,
				0AA9AC3444294EF1B12CBFF9 /* UIImage+CropScaleOrientation.m */,
				BEEC9B61D7C048F9827A72ED /* CDVCamera.m */,
				91A0871E075A43F3AC5991CE /* CDVJpegHeaderWriter.m */,
				F674640C9F3E43C2826A9E51 /* UIImage+CropScaleOrientation.h */,
				CF2E3FBDA7994F8480CEDAC4 /* CDVCamera.h */,
				D0C471F836CB4E7C8939082E /* CDVJpegHeaderWriter.h */,
				D4552BFA6A364EB2B0A1D6A4 /* CDVExif.h */,
				8BE7D904A1BD43D38004E8F4 /* CDVLocation.m */,
				B4B6628C8AD04DE792297EEB /* CDVLocation.h */,
				42211C3A55684AD1AE3DB1ED /* CDVContacts.m */,
				7FC620D9F7004F0B8E3DFC51 /* CDVContact.m */,
				2906D4BA01C741479406F4A9 /* CDVContacts.h */,
				2BE6336AB5184BAA9CFAE052 /* CDVContact.h */,
				00943AADA5BE4D22ABC94544 /* CDVStatusBar.m */,
				DB187FB3E434462D91CB5B52 /* CDVStatusBar.h */,
				68B2912F8427480791CE675B /* HCPPlugin.m */,
				B9BCC2BFDBDF40DDA20CD8D7 /* HCPApplicationConfig.m */,
				31B385CACF9B4051AAD5F603 /* HCPContentConfig.m */,
				CF415EE2DF744C1CAEC6450A /* HCPContentManifest.m */,
				63BFB0220379411A963778C2 /* HCPPluginInternalPreferences.m */,
				15FC831E0F9D4AFCB1BDA740 /* HCPXmlConfig.m */,
				13B04F8A48AF4D7BA2F3A268 /* HCPXmlTags.m */,
				E1F9EF181BDA4F83B1A70466 /* HCPXmlConfigParser.m */,
				7F64F40A80D544429FA5F989 /* HCPEvents.m */,
				9C8B53F960F546A1B7838EE6 /* CDVPluginResult+HCPEvents.m */,
				C2FB6DAE0F4847CAAF11F21C /* HCPFilesStructure.m */,
				8547C96A3FA14E1A80F00038 /* HCPManifestDiff.m */,
				662D268B4BBE4867A834F1D2 /* HCPManifestFile.m */,
				CC0376EF20A44B869894DF78 /* HCPFileDownloader.m */,
				A9C09EC23AEF45D48FD95501 /* HCPDataDownloader.m */,
				6BB7FE11A300416D9AFCB855 /* HCPApplicationConfigStorage.m */,
				A38CFC2696EE4239ACCC24C0 /* HCPConfigStorageImpl.m */,
				0E0384198F0B4F88BF522AF5 /* HCPContentManifestStorage.m */,
				9ECEADE540114A1CA4F2B772 /* HCPPluginInternalPreferences+UserDefaults.m */,
				79CC2E4DCE61451F9E25E5CF /* HCPFetchUpdateOptions.m */,
				0DED38B9ADC34EB18B416689 /* HCPInstallationWorker.m */,
				C9D56BEA890342E98AAD2495 /* HCPUpdateInstaller.m */,
				7A60525B77C741E6A87DD36E /* HCPUpdateLoader.m */,
				A5F7ABE55BB54B19B95C1615 /* HCPUpdateLoaderWorker.m */,
				EA4D8D2327B24290AD8153F8 /* HCPUpdateRequest.m */,
				BD12C06292EA4CDE97F77AB1 /* HCPCleanupHelper.m */,
				B869A33338A84609B0C64457 /* NSBundle+HCPExtension.m */,
				66F3AA74B26B4F7DB0711B25 /* NSData+HCPMD5.m */,
				153D2553544E44009275748E /* NSError+HCPExtension.m */,
				7279E62D74584CBD8EF35C8D /* NSFileManager+HCPExtension.m */,
				822ED3E33AB8413E9446170E /* NSJSONSerialization+HCPExtension.m */,
				1DBC6B1B511C4C55A3CA71F7 /* HCPAppUpdateRequestAlertDialog.m */,
				A986836B17E745418F18DC65 /* HCPAssetsFolderHelper.m */,
				D125E8829B3D4F1DA070E384 /* CDVWKWebViewEngine+HCPPlugin_ReadAccessURL.m */,
				2C3F8FACFBEA4D7091E8E166 /* HCPPlugin.h */,
				CDC50883C96E4497B85925EF /* HCPApplicationConfig.h */,
				EA7727643B064D0C9B768E6F /* HCPContentConfig.h */,
				E79E9B3118A44712BC86137A /* HCPContentManifest.h */,
				3E825AE2722045C2AD82BAA4 /* HCPPluginInternalPreferences.h */,
				ACD2E7288CAB4C228B14087E /* HCPXmlConfig.h */,
				F6F7B9E33716491AB50EBAA6 /* HCPXmlTags.h */,
				2A5054C95D20451FA9CF53EF /* HCPXmlConfigParser.h */,
				B32ADAF9CE064B9190471C75 /* HCPEvents.h */,
				C5764A8139B34DE39EBBED7B /* CDVPluginResult+HCPEvents.h */,
				F9CE5420759C418582013B29 /* HCPFilesStructure.h */,
				18B8CFD54430441B93354284 /* HCPJsonConvertable.h */,
				CFF631906FF140D88D3AE123 /* HCPManifestDiff.h */,
				06694D67ABF34AC49FB2B0C0 /* HCPManifestFile.h */,
				1F6A7CEAB0734861A6CEE95F /* HCPFileDownloader.h */,
				0EFA6698BF4E4159B1009E59 /* HCPDataDownloader.h */,
				9AE26C8BEDA448FC8F88AEE1 /* HCPApplicationConfigStorage.h */,
				6062D28380E04186BC05C895 /* HCPConfigFileStorage.h */,
				7238F5769BBA4BB09CBF5D70 /* HCPConfigStorageImpl.h */,
				5B4B300999A44C7AB64CD909 /* HCPContentManifestStorage.h */,
				DFB1C0D49F2D4D67BF61A96D /* HCPPluginInternalPreferences+UserDefaults.h */,
				9CEC13EA360147B5B2E75CFF /* HCPFetchUpdateOptions.h */,
				08A267B87DB34BDA92340567 /* HCPInstallationWorker.h */,
				ABB92A503ADD402D95CA4BEE /* HCPUpdateInstaller.h */,
				B083AC88A7CA479181DB2B67 /* HCPUpdateLoader.h */,
				9D29586E806A4467AAFA4600 /* HCPUpdateLoaderWorker.h */,
				7A79028D3BFA47989BE4FFD1 /* HCPUpdateRequest.h */,
				B65483A8D39D4A81ACE3FA6E /* HCPWorker.h */,
				AC4128C3F94348BDB5069E45 /* HCPCleanupHelper.h */,
				4471E2F63F2A42909FFE3FF1 /* NSBundle+HCPExtension.h */,
				8E730528086C4532A06658A8 /* NSData+HCPMD5.h */,
				F288A14DA38648A993F4DA58 /* NSError+HCPExtension.h */,
				4AF5CED85F064270A199062E /* NSFileManager+HCPExtension.h */,
				464F8DC3C3734BC0A4863295 /* NSJSONSerialization+HCPExtension.h */,
				DFFC8A0EAD0D41B6A4BE198F /* HCPAppUpdateRequestAlertDialog.h */,
				3F279D855F664495B214EFB5 /* HCPAssetsFolderHelper.h */,
				748ABF802F2D49A0A9C9887C /* CDVWKWebViewEngine+HCPPlugin_ReadAccessURL.h */,
			);
			name = Plugins;
			path = "HelloCordova/Plugins";
			sourceTree = SOURCE_ROOT;
		};
		EB87FDF11871DA420020F90C /* Staging */ = {
			isa = PBXGroup;
			children = (
				F840E1F0165FE0F500CFE078 /* config.xml */,
				301BF56E109A69640062928A /* www */,
			);
			name = Staging;
			sourceTree = "<group>";
		};
/* End PBXGroup section */

/* Begin PBXNativeTarget section */
		1D6058900D05DD3D006BFB54 /* HelloCordova */ = {
			isa = PBXNativeTarget;
			buildConfigurationList = 1D6058960D05DD3E006BFB54 /* Build configuration list for PBXNativeTarget "HelloCordova" */;
			buildPhases = (
				304B58A110DAC018002A0835 /* Copy www directory */,
				1D60588D0D05DD3D006BFB54 /* Resources */,
				1D60588E0D05DD3D006BFB54 /* Sources */,
				1D60588F0D05DD3D006BFB54 /* Frameworks */,
			);
			buildRules = (
			);
			dependencies = (
				301BF551109A68C00062928A /* PBXTargetDependency */,
			);
			name = "HelloCordova";
			productName = "HelloCordova";
			productReference = 1D6058910D05DD3D006BFB54 /* HelloCordova.app */;
			productType = "com.apple.product-type.application";
		};
/* End PBXNativeTarget section */

/* Begin PBXProject section */
		29B97313FDCFA39411CA2CEA /* Project object */ = {
			isa = PBXProject;
			attributes = {
				LastUpgradeCheck = 510;
			};
			buildConfigurationList = C01FCF4E08A954540054247B /* Build configuration list for PBXProject "__NON-CLI__" */;
			compatibilityVersion = "Xcode 3.2";
			developmentRegion = English;
			hasScannedForEncodings = 1;
			mainGroup = 29B97314FDCFA39411CA2CEA /* CustomTemplate */;
			projectDirPath = "";
			projectReferences = (
				{
					ProductGroup = 301BF52E109A57CC0062928A /* Products */;
					ProjectRef = 301BF52D109A57CC0062928A /* CordovaLib.xcodeproj */;
				},
			);
			projectRoot = "";
			targets = (
				1D6058900D05DD3D006BFB54 /* HelloCordova */,
			);
		};
/* End PBXProject section */

/* Begin PBXReferenceProxy section */
		301BF535109A57CC0062928A /* libCordova.a */ = {
			isa = PBXReferenceProxy;
			fileType = archive.ar;
			path = libCordova.a;
			remoteRef = 301BF534109A57CC0062928A /* PBXContainerItemProxy */;
			sourceTree = BUILT_PRODUCTS_DIR;
		};
/* End PBXReferenceProxy section */

/* Begin PBXResourcesBuildPhase section */
		1D60588D0D05DD3D006BFB54 /* Resources */ = {
			isa = PBXResourcesBuildPhase;
			buildActionMask = 2147483647;
			files = (
				302D95F214D2391D003F00A1 /* MainViewController.xib in Resources */,
				0207DA581B56EA530066E2B4 /* Images.xcassets in Resources */,
				6AFF5BF91D6E424B00AB3073 /* CDVLaunchScreen.storyboard in Resources */,
			);
			runOnlyForDeploymentPostprocessing = 0;
		};
/* End PBXResourcesBuildPhase section */

/* Begin PBXShellScriptBuildPhase section */
		304B58A110DAC018002A0835 /* Copy www directory */ = {
			isa = PBXShellScriptBuildPhase;
			buildActionMask = 2147483647;
			files = (
			);
			inputPaths = (
			);
			name = "Copy www directory";
			outputPaths = (
			);
			runOnlyForDeploymentPostprocessing = 0;
			shellPath = /bin/sh;
			shellScript = "NODEJS_PATH=/usr/local/bin; NVM_NODE_PATH=~/.nvm/versions/node/`nvm version 2>/dev/null`/bin; N_NODE_PATH=`find /usr/local/n/versions/node/* -maxdepth 0 -type d 2>/dev/null | tail -1`/bin; XCODE_NODE_PATH=`xcode-select --print-path`/usr/share/xcs/Node/bin; PATH=$NODEJS_PATH:$NVM_NODE_PATH:$N_NODE_PATH:$XCODE_NODE_PATH:$PATH && node cordova/lib/copy-www-build-step.js";
			showEnvVarsInLog = 0;
		};
/* End PBXShellScriptBuildPhase section */

/* Begin PBXSourcesBuildPhase section */
		1D60588E0D05DD3D006BFB54 /* Sources */ = {
			isa = PBXSourcesBuildPhase;
			buildActionMask = 2147483647;
			files = (
				1D60589B0D05DD56006BFB54 /* main.m in Sources */,
				1D3623260D0F684500981E51 /* AppDelegate.m in Sources */,
				302D95F114D2391D003F00A1 /* MainViewController.m in Sources */,
				734A454547924174B1BA624A /* CDVDevice.m in Sources */,
				F143A28E530C40639B94BA41 /* UIImage+CropScaleOrientation.m in Sources */,
				04EBE2D09F3F4956810FE2D1 /* CDVCamera.m in Sources */,
				CC1D04F93B8246DA8E81797F /* CDVJpegHeaderWriter.m in Sources */,
				62EC3AF51D824456B94C0A4C /* CDVLocation.m in Sources */,
				B3D50165A2B843F89A870D05 /* CDVContacts.m in Sources */,
				B1BFEA1899C34D2390A16583 /* CDVContact.m in Sources */,
				C25BB18291254562B2F2A33B /* CDVStatusBar.m in Sources */,
				6C1D062C654E40089A4446E2 /* HCPPlugin.m in Sources */,
				33F46176EF36436DA89F7AD3 /* HCPApplicationConfig.m in Sources */,
				AAE7D6222BC7480EBECEB0F8 /* HCPContentConfig.m in Sources */,
				576D6CDB1ED14016A6055F8F /* HCPContentManifest.m in Sources */,
				2E0ACFFFC1D74EF89CE64FF3 /* HCPPluginInternalPreferences.m in Sources */,
				0E75DD5543BB4DAF89B4C7DE /* HCPXmlConfig.m in Sources */,
				241F6FD83E904FE18F96C19C /* HCPXmlTags.m in Sources */,
				5F93FA6950C7474AA2A6BB76 /* HCPXmlConfigParser.m in Sources */,
				886211A93B5E483F92637C93 /* HCPEvents.m in Sources */,
				B5206216F50C4217B60734A0 /* CDVPluginResult+HCPEvents.m in Sources */,
				F1D59099E6644F4E8FFE46C9 /* HCPFilesStructure.m in Sources */,
				BFC81F675E1842C29AD70F7E /* HCPManifestDiff.m in Sources */,
				72A6D250732E43A58DE8312B /* HCPManifestFile.m in Sources */,
				400F48DCDE314E4EBE97BA5C /* HCPFileDownloader.m in Sources */,
				892876630FA54902B7113EC0 /* HCPDataDownloader.m in Sources */,
				DD7BD78B8767492A8B5C66EC /* HCPApplicationConfigStorage.m in Sources */,
				296294E782284EED971179AF /* HCPConfigStorageImpl.m in Sources */,
				1EFA4EDC316145DAA8DB943D /* HCPContentManifestStorage.m in Sources */,
				595D7AE3F8C646968CD69E12 /* HCPPluginInternalPreferences+UserDefaults.m in Sources */,
				04C09B1E7CF748C6928625C1 /* HCPFetchUpdateOptions.m in Sources */,
				0D48ACB0CD4D49918425C52F /* HCPInstallationWorker.m in Sources */,
				B8BC590DFDFA4A04A04C4520 /* HCPUpdateInstaller.m in Sources */,
				0CD312AAB63544788A1535A1 /* HCPUpdateLoader.m in Sources */,
				953B41275BE5434A9E215CCC /* HCPUpdateLoaderWorker.m in Sources */,
				89994933D818402AA81BB98C /* HCPUpdateRequest.m in Sources */,
				2DBBF58099054514A0ADBF76 /* HCPCleanupHelper.m in Sources */,
				91AE4CA01BF14BAA8A1E8085 /* NSBundle+HCPExtension.m in Sources */,
				5EBA66D67A6F4B76AA929A58 /* NSData+HCPMD5.m in Sources */,
				1163D9E4F2CC4263B49780D2 /* NSError+HCPExtension.m in Sources */,
				88FAB26A06814C28B093429D /* NSFileManager+HCPExtension.m in Sources */,
				5E719FEC8F2E4F92AF9E16FA /* NSJSONSerialization+HCPExtension.m in Sources */,
				7922D991CE884D79BEA04CE6 /* HCPAppUpdateRequestAlertDialog.m in Sources */,
				2630BA3625984DB391CF2895 /* HCPAssetsFolderHelper.m in Sources */,
				DB917A9F5AF24DDC97C1C492 /* CDVWKWebViewEngine+HCPPlugin_ReadAccessURL.m in Sources */,
			);
			runOnlyForDeploymentPostprocessing = 0;
		};
/* End PBXSourcesBuildPhase section */

/* Begin PBXTargetDependency section */
		301BF551109A68C00062928A /* PBXTargetDependency */ = {
			isa = PBXTargetDependency;
			name = CordovaLib;
			targetProxy = 301BF550109A68C00062928A /* PBXContainerItemProxy */;
		};
/* End PBXTargetDependency section */

/* Begin XCBuildConfiguration section */
		1D6058940D05DD3E006BFB54 /* Debug */ = {
			isa = XCBuildConfiguration;
			baseConfigurationReference = 3047A50F1AB8059700498E2A /* build-debug.xcconfig */;
			buildSettings = {
				ALWAYS_SEARCH_USER_PATHS = NO;
				ASSETCATALOG_COMPILER_APPICON_NAME = AppIcon;
				ASSETCATALOG_COMPILER_LAUNCHIMAGE_NAME = LaunchImage;
				CLANG_ENABLE_MODULES = YES;
				CLANG_ENABLE_OBJC_ARC = YES;
				COPY_PHASE_STRIP = NO;
				GCC_DYNAMIC_NO_PIC = NO;
				GCC_OPTIMIZATION_LEVEL = 0;
				GCC_PRECOMPILE_PREFIX_HEADER = YES;
				GCC_PREFIX_HEADER = "HelloCordova/HelloCordova-Prefix.pch";
				GCC_THUMB_SUPPORT = NO;
				GCC_VERSION = "";
				INFOPLIST_FILE = "HelloCordova/HelloCordova-Info.plist";
				IPHONEOS_DEPLOYMENT_TARGET = 9.0;
				LD_RUNPATH_SEARCH_PATHS = "@executable_path/Frameworks";
				TARGETED_DEVICE_FAMILY = "1,2";
				PRODUCT_NAME = "HelloCordova";
			};
			name = Debug;
		};
		1D6058950D05DD3E006BFB54 /* Release */ = {
			isa = XCBuildConfiguration;
			baseConfigurationReference = 3047A5101AB8059700498E2A /* build-release.xcconfig */;
			buildSettings = {
				ALWAYS_SEARCH_USER_PATHS = NO;
				ASSETCATALOG_COMPILER_APPICON_NAME = AppIcon;
				ASSETCATALOG_COMPILER_LAUNCHIMAGE_NAME = LaunchImage;
				CLANG_ENABLE_MODULES = YES;
				CLANG_ENABLE_OBJC_ARC = YES;
				COPY_PHASE_STRIP = YES;
				GCC_PRECOMPILE_PREFIX_HEADER = YES;
				GCC_PREFIX_HEADER = "HelloCordova/HelloCordova-Prefix.pch";
				GCC_THUMB_SUPPORT = NO;
				GCC_VERSION = "";
				INFOPLIST_FILE = "HelloCordova/HelloCordova-Info.plist";
				IPHONEOS_DEPLOYMENT_TARGET = 9.0;
				LD_RUNPATH_SEARCH_PATHS = "@executable_path/Frameworks";
				TARGETED_DEVICE_FAMILY = "1,2";
				PRODUCT_NAME = "HelloCordova";
			};
			name = Release;
		};
		C01FCF4F08A954540054247B /* Debug */ = {
			isa = XCBuildConfiguration;
			baseConfigurationReference = 3047A5111AB8059700498E2A /* build.xcconfig */;
			buildSettings = {
				CLANG_ENABLE_MODULES = YES;
				CLANG_ENABLE_OBJC_ARC = YES;
				CLANG_WARN_BOOL_CONVERSION = YES;
				CLANG_WARN_CONSTANT_CONVERSION = YES;
				CLANG_WARN_EMPTY_BODY = YES;
				CLANG_WARN_ENUM_CONVERSION = YES;
				CLANG_WARN_INT_CONVERSION = YES;
				CLANG_WARN__DUPLICATE_METHOD_MATCH = YES;
				GCC_C_LANGUAGE_STANDARD = c99;
				GCC_THUMB_SUPPORT = NO;
				GCC_VERSION = "";
				GCC_WARN_ABOUT_RETURN_TYPE = YES;
				GCC_WARN_UNDECLARED_SELECTOR = YES;
				GCC_WARN_UNINITIALIZED_AUTOS = YES;
				GCC_WARN_UNUSED_FUNCTION = YES;
				GCC_WARN_UNUSED_VARIABLE = YES;
				ONLY_ACTIVE_ARCH = YES;
				SDKROOT = iphoneos;
				SKIP_INSTALL = NO;
			};
			name = Debug;
		};
		C01FCF5008A954540054247B /* Release */ = {
			isa = XCBuildConfiguration;
			baseConfigurationReference = 3047A5111AB8059700498E2A /* build.xcconfig */;
			buildSettings = {
				CLANG_ENABLE_MODULES = YES;
				CLANG_ENABLE_OBJC_ARC = YES;
				CLANG_WARN_BOOL_CONVERSION = YES;
				CLANG_WARN_CONSTANT_CONVERSION = YES;
				CLANG_WARN_EMPTY_BODY = YES;
				CLANG_WARN_ENUM_CONVERSION = YES;
				CLANG_WARN_INT_CONVERSION = YES;
				CLANG_WARN__DUPLICATE_METHOD_MATCH = YES;
				GCC_C_LANGUAGE_STANDARD = c99;
				GCC_THUMB_SUPPORT = NO;
				GCC_VERSION = "";
				GCC_WARN_ABOUT_RETURN_TYPE = YES;
				GCC_WARN_UNDECLARED_SELECTOR = YES;
				GCC_WARN_UNINITIALIZED_AUTOS = YES;
				GCC_WARN_UNUSED_FUNCTION = YES;
				GCC_WARN_UNUSED_VARIABLE = YES;
				SDKROOT = iphoneos;
				SKIP_INSTALL = NO;
			};
			name = Release;
		};
/* End XCBuildConfiguration section */

/* Begin XCConfigurationList section */
		1D6058960D05DD3E006BFB54 /* Build configuration list for PBXNativeTarget "HelloCordova" */ = {
			isa = XCConfigurationList;
			buildConfigurations = (
				1D6058940D05DD3E006BFB54 /* Debug */,
				1D6058950D05DD3E006BFB54 /* Release */,
			);
			defaultConfigurationIsVisible = 0;
			defaultConfigurationName = Release;
		};
		C01FCF4E08A954540054247B /* Build configuration list for PBXProject "__NON-CLI__" */ = {
			isa = XCConfigurationList;
			buildConfigurations = (
				C01FCF4F08A954540054247B /* Debug */,
				C01FCF5008A954540054247B /* Release */,
			);
			defaultConfigurationIsVisible = 0;
			defaultConfigurationName = Release;
		};
/* End XCConfigurationList section */
	};
	rootObject = 29B97313FDCFA39411CA2CEA /* Project object */;
}
